
Microsoft Visual Studio Solution File, Format Version 12.00
# Visual Studio Version 17
VisualStudioVersion = 17.6.33829.357
MinimumVisualStudioVersion = 10.0.40219.1
Project("{8BC9CEB8-8B4A-11D0-8D11-00A0C91BC942}") = "tmp", "tmp.vcxproj", "{74B6BAD6-8768-4150-B218-81C9B7EE702A}"
EndProject
Project("{2150E333-8FDC-42A3-9474-1A3956D46DE8}") = "Solution Items", "Solution Items", "{5696A8D1-092C-4AF1-9681-A69CAE830AA9}"
	ProjectSection(SolutionItems) = preProject
		shader.frag = shader.frag
		shader.vert = shader.vert
		shader_class.cpp = shader_class.cpp
		shader_class.hpp = shader_class.hpp
	EndProjectSection
EndProject
Global
	GlobalSection(SolutionConfigurationPlatforms) = preSolution
		Debug|x64 = Debug|x64
		Debug|x86 = Debug|x86
		Release|x64 = Release|x64
		Release|x86 = Release|x86
	EndGlobalSection
	GlobalSection(ProjectConfigurationPlatforms) = postSolution
		{74B6BAD6-8768-4150-B218-81C9B7EE702A}.Debug|x64.ActiveCfg = Debug|x64
		{74B6BAD6-8768-4150-B218-81C9B7EE702A}.Debug|x64.Build.0 = Debug|x64
		{74B6BAD6-8768-4150-B218-81C9B7EE702A}.Debug|x86.ActiveCfg = Debug|Win32
		{74B6BAD6-8768-4150-B218-81C9B7EE702A}.Debug|x86.Build.0 = Debug|Win32
		{74B6BAD6-8768-4150-B218-81C9B7EE702A}.Release|x64.ActiveCfg = Release|x64
		{74B6BAD6-8768-4150-B218-81C9B7EE702A}.Release|x64.Build.0 = Release|x64
		{74B6BAD6-8768-4150-B218-81C9B7EE702A}.Release|x86.ActiveCfg = Release|Win32
		{74B6BAD6-8768-4150-B218-81C9B7EE702A}.Release|x86.Build.0 = Release|Win32
	EndGlobalSection
	GlobalSection(SolutionProperties) = preSolution
		HideSolutionNode = FALSE
	EndGlobalSection
	GlobalSection(ExtensibilityGlobals) = postSolution
		SolutionGuid = {78B176B1-525E-4B54-8093-534595E72091}
	EndGlobalSection
EndGlobal
